<Solution>
  <Folder Name="/Misc/">
    <File Path="Directory.Build.props" />
    <File Path="Directory.Packages.props" />
    <File Path="global.json" />
    <File Path="License.txt" />
    <File Path="NuGet.config" />
    <File Path="Readme.md" />
  </Folder>

  <Project Path="YoutubeDownloader/YoutubeDownloader.csproj" />
  <Project Path="YoutubeDownloader.Core/YoutubeDownloader.Core.csproj" />
  <Project Path="YoutubeDownloader.Android/YoutubeDownloader.Android.csproj" />
</Solution>
